
Microsoft Visual Studio Solution File, Format Version 12.00
# Visual Studio Version 16
VisualStudioVersion = 16.0.31129.286
MinimumVisualStudioVersion = 10.0.40219.1
Project("{9A19103F-16F7-4668-BE54-9A1E7A4F7556}") = "SalesReceipts", "SalesReceipts\SalesReceipts.csproj", "{14A6540E-5728-4485-8293-D9F916AACBD5}"
EndProject
Project("{FAE04EC0-301F-11D3-BF4B-00C04F79EFBC}") = "DIrectoriesandFiles", "DIrectoriesandFiles\DIrectoriesandFiles.csproj", "{49D93310-C618-4646-9F80-BD0DFE182F57}"
EndProject
Global
	GlobalSection(SolutionConfigurationPlatforms) = preSolution
		Debug|Any CPU = Debug|Any CPU
		Release|Any CPU = Release|Any CPU
	EndGlobalSection
	GlobalSection(ProjectConfigurationPlatforms) = postSolution
		{14A6540E-5728-4485-8293-D9F916AACBD5}.Debug|Any CPU.ActiveCfg = Debug|Any CPU
		{14A6540E-5728-4485-8293-D9F916AACBD5}.Debug|Any CPU.Build.0 = Debug|Any CPU
		{14A6540E-5728-4485-8293-D9F916AACBD5}.Release|Any CPU.ActiveCfg = Release|Any CPU
		{14A6540E-5728-4485-8293-D9F916AACBD5}.Release|Any CPU.Build.0 = Release|Any CPU
		{49D93310-C618-4646-9F80-BD0DFE182F57}.Debug|Any CPU.ActiveCfg = Debug|Any CPU
		{49D93310-C618-4646-9F80-BD0DFE182F57}.Debug|Any CPU.Build.0 = Debug|Any CPU
		{49D93310-C618-4646-9F80-BD0DFE182F57}.Release|Any CPU.ActiveCfg = Release|Any CPU
		{49D93310-C618-4646-9F80-BD0DFE182F57}.Release|Any CPU.Build.0 = Release|Any CPU
	EndGlobalSection
	GlobalSection(SolutionProperties) = preSolution
		HideSolutionNode = FALSE
	EndGlobalSection
	GlobalSection(ExtensibilityGlobals) = postSolution
		SolutionGuid = {9B7AE48D-36B3-4208-A33D-3A1BA1BB91A9}
	EndGlobalSection
EndGlobal
